github.com/disic/frago v1.3.5 h1:3aI57uJ8pXn9WPykrJEOQtSzJCLI4SqJ7vY5eyPPprA=
github.com/disic/frago v1.3.5/go.mod h1:P+FGLyK+Tit1HIeu1aDFxIwQCCrYTJflqCX0Xue/jXM=
github.com/disic/frago v1.3.6 h1:If5sixaR1cXqo2++PCP7xgl5eH5HtNfWnKPCumBhx0Y=
github.com/disic/frago v1.3.6/go.mod h1:P+FGLyK+Tit1HIeu1aDFxIwQCCrYTJflqCX0Xue/jXM=
